
Microsoft Visual Studio Solution File, Format Version 12.00
# Visual Studio Version 16
VisualStudioVersion = 16.0.30011.22
MinimumVisualStudioVersion = 10.0.40219.1
Project("{F184B08F-C81C-45F6-A57F-5ABD9991F28F}") = "Blk", "Blk\Blk.vbproj", "{F42C6EFC-D5D3-4217-983B-87163FE2CCE6}"
EndProject
Global
	GlobalSection(SolutionConfigurationPlatforms) = preSolution
		Debug|Any CPU = Debug|Any CPU
		Release|Any CPU = Release|Any CPU
	EndGlobalSection
	GlobalSection(ProjectConfigurationPlatforms) = postSolution
		{F42C6EFC-D5D3-4217-983B-87163FE2CCE6}.Debug|Any CPU.ActiveCfg = Debug|Any CPU
		{F42C6EFC-D5D3-4217-983B-87163FE2CCE6}.Debug|Any CPU.Build.0 = Debug|Any CPU
		{F42C6EFC-D5D3-4217-983B-87163FE2CCE6}.Release|Any CPU.ActiveCfg = Release|Any CPU
		{F42C6EFC-D5D3-4217-983B-87163FE2CCE6}.Release|Any CPU.Build.0 = Release|Any CPU
	EndGlobalSection
	GlobalSection(SolutionProperties) = preSolution
		HideSolutionNode = FALSE
	EndGlobalSection
	GlobalSection(ExtensibilityGlobals) = postSolution
		SolutionGuid = {8681006A-F2CF-4E9C-89B1-E311297B3F1D}
	EndGlobalSection
EndGlobal
